
Microsoft Visual Studio Solution File, Format Version 12.00
# Visual Studio Version 17
VisualStudioVersion = 17.8.34309.116
MinimumVisualStudioVersion = 10.0.40219.1
Project("{FAE04EC0-301F-11D3-BF4B-00C04F79EFBC}") = "AutosortLockers", "AutosortLockers.csproj", "{6C883B28-31E6-4C26-B32B-BF5BE0D70190}"
EndProject
Global
	GlobalSection(SolutionConfigurationPlatforms) = preSolution
		Debug|Any CPU = Debug|Any CPU
		Release|Any CPU = Release|Any CPU
	EndGlobalSection
	GlobalSection(ProjectConfigurationPlatforms) = postSolution
		{6C883B28-31E6-4C26-B32B-BF5BE0D70190}.Debug|Any CPU.ActiveCfg = Debug|Any CPU
		{6C883B28-31E6-4C26-B32B-BF5BE0D70190}.Debug|Any CPU.Build.0 = Debug|Any CPU
		{6C883B28-31E6-4C26-B32B-BF5BE0D70190}.Release|Any CPU.ActiveCfg = Release|Any CPU
		{6C883B28-31E6-4C26-B32B-BF5BE0D70190}.Release|Any CPU.Build.0 = Release|Any CPU
	EndGlobalSection
	GlobalSection(SolutionProperties) = preSolution
		HideSolutionNode = FALSE
	EndGlobalSection
	GlobalSection(ExtensibilityGlobals) = postSolution
		SolutionGuid = {653D885C-E6CF-4E64-BA57-A9CC7AB63E6F}
	EndGlobalSection
EndGlobal
